
Microsoft Visual Studio Solution File, Format Version 12.00
# Visual Studio Version 17
VisualStudioVersion = 17.0.31903.59
MinimumVisualStudioVersion = 10.0.40219.1
Project("{FAE04EC0-301F-11D3-BF4B-00C04F79EFBC}") = "API", "API\API.csproj", "{6042B182-4AB6-402E-8C29-098B42387EC8}"
EndProject
Project("{FAE04EC0-301F-11D3-BF4B-00C04F79EFBC}") = "Application", "Application\Application.csproj", "{530353A9-8182-4B9A-AD45-221F5705459A}"
EndProject
Project("{FAE04EC0-301F-11D3-BF4B-00C04F79EFBC}") = "Domain", "Domain\Domain.csproj", "{A7F93914-FADE-4BD3-9B36-407A49CB2E99}"
EndProject
Project("{FAE04EC0-301F-11D3-BF4B-00C04F79EFBC}") = "Persistence", "Persistence\Persistence.csproj", "{288414A5-1999-4620-9375-A9368AD15866}"
EndProject
Global
	GlobalSection(SolutionConfigurationPlatforms) = preSolution
		Debug|Any CPU = Debug|Any CPU
		Release|Any CPU = Release|Any CPU
	EndGlobalSection
	GlobalSection(SolutionProperties) = preSolution
		HideSolutionNode = FALSE
	EndGlobalSection
	GlobalSection(ProjectConfigurationPlatforms) = postSolution
		{6042B182-4AB6-402E-8C29-098B42387EC8}.Debug|Any CPU.ActiveCfg = Debug|Any CPU
		{6042B182-4AB6-402E-8C29-098B42387EC8}.Debug|Any CPU.Build.0 = Debug|Any CPU
		{6042B182-4AB6-402E-8C29-098B42387EC8}.Release|Any CPU.ActiveCfg = Release|Any CPU
		{6042B182-4AB6-402E-8C29-098B42387EC8}.Release|Any CPU.Build.0 = Release|Any CPU
		{530353A9-8182-4B9A-AD45-221F5705459A}.Debug|Any CPU.ActiveCfg = Debug|Any CPU
		{530353A9-8182-4B9A-AD45-221F5705459A}.Debug|Any CPU.Build.0 = Debug|Any CPU
		{530353A9-8182-4B9A-AD45-221F5705459A}.Release|Any CPU.ActiveCfg = Release|Any CPU
		{530353A9-8182-4B9A-AD45-221F5705459A}.Release|Any CPU.Build.0 = Release|Any CPU
		{A7F93914-FADE-4BD3-9B36-407A49CB2E99}.Debug|Any CPU.ActiveCfg = Debug|Any CPU
		{A7F93914-FADE-4BD3-9B36-407A49CB2E99}.Debug|Any CPU.Build.0 = Debug|Any CPU
		{A7F93914-FADE-4BD3-9B36-407A49CB2E99}.Release|Any CPU.ActiveCfg = Release|Any CPU
		{A7F93914-FADE-4BD3-9B36-407A49CB2E99}.Release|Any CPU.Build.0 = Release|Any CPU
		{288414A5-1999-4620-9375-A9368AD15866}.Debug|Any CPU.ActiveCfg = Debug|Any CPU
		{288414A5-1999-4620-9375-A9368AD15866}.Debug|Any CPU.Build.0 = Debug|Any CPU
		{288414A5-1999-4620-9375-A9368AD15866}.Release|Any CPU.ActiveCfg = Release|Any CPU
		{288414A5-1999-4620-9375-A9368AD15866}.Release|Any CPU.Build.0 = Release|Any CPU
	EndGlobalSection
EndGlobal
